// !$*UTF8*$!
{
	archiveVersion = 1;
	classes = {
	};
	objectVersion = 56;
	objects = {

/* Begin PBXBuildFile section */
		249A99372BB21E4D00535234 /* FIrebaseDemoV1App.swift in Sources */ = {isa = PBXBuildFile; fileRef = 249A99362BB21E4D00535234 /* FIrebaseDemoV1App.swift */; };
		249A99392BB21E4D00535234 /* ContentView.swift in Sources */ = {isa = PBXBuildFile; fileRef = 249A99382BB21E4D00535234 /* ContentView.swift */; };
		249A993B2BB21E4E00535234 /* Assets.xcassets in Resources */ = {isa = PBXBuildFile; fileRef = 249A993A2BB21E4E00535234 /* Assets.xcassets */; };
		249A993E2BB21E4E00535234 /* Preview Assets.xcassets in Resources */ = {isa = PBXBuildFile; fileRef = 249A993D2BB21E4E00535234 /* Preview Assets.xcassets */; };
		249A99452BB2209F00535234 /* GoogleService-Info.plist in Resources */ = {isa = PBXBuildFile; fileRef = 249A99442BB2209F00535234 /* GoogleService-Info.plist */; };
		31DAABDCDDDC24C4FC98F2DD /* Pods_FIrebaseDemoV1.framework in Frameworks */ = {isa = PBXBuildFile; fileRef = 7AB7BEA5CD5989A76FDC3734 /* Pods_FIrebaseDemoV1.framework */; };
/* End PBXBuildFile section */

/* Begin PBXFileReference section */
		249A99332BB21E4D00535234 /* FIrebaseDemoV1.app */ = {isa = PBXFileReference; explicitFileType = wrapper.application; includeInIndex = 0; path = FIrebaseDemoV1.app; sourceTree = BUILT_PRODUCTS_DIR; };
		249A99362BB21E4D00535234 /* FIrebaseDemoV1App.swift */ = {isa = PBXFileReference; lastKnownFileType = sourcecode.swift; path = FIrebaseDemoV1App.swift; sourceTree = "<group>"; };
		249A99382BB21E4D00535234 /* ContentView.swift */ = {isa = PBXFileReference; lastKnownFileType = sourcecode.swift; path = ContentView.swift; sourceTree = "<group>"; };
		249A993A2BB21E4E00535234 /* Assets.xcassets */ = {isa = PBXFileReference; lastKnownFileType = folder.assetcatalog; path = Assets.xcassets; sourceTree = "<group>"; };
		249A993D2BB21E4E00535234 /* Preview Assets.xcassets */ = {isa = PBXFileReference; lastKnownFileType = folder.assetcatalog; path = "Preview Assets.xcassets"; sourceTree = "<group>"; };
		249A99442BB2209F00535234 /* GoogleService-Info.plist */ = {isa = PBXFileReference; fileEncoding = 4; lastKnownFileType = text.plist.xml; path = "GoogleService-Info.plist"; sourceTree = "<group>"; };
		7AB7BEA5CD5989A76FDC3734 /* Pods_FIrebaseDemoV1.framework */ = {isa = PBXFileReference; explicitFileType = wrapper.framework; includeInIndex = 0; path = Pods_FIrebaseDemoV1.framework; sourceTree = BUILT_PRODUCTS_DIR; };
		8C059C21EF6CD41AEC2C6DDC /* Pods-FIrebaseDemoV1.release.xcconfig */ = {isa = PBXFileReference; includeInIndex = 1; lastKnownFileType = text.xcconfig; name = "Pods-FIrebaseDemoV1.release.xcconfig"; path = "Target Support Files/Pods-FIrebaseDemoV1/Pods-FIrebaseDemoV1.release.xcconfig"; sourceTree = "<group>"; };
		CEFDD778791188A521E65A5D /* Pods-FIrebaseDemoV1.debug.xcconfig */ = {isa = PBXFileReference; includeInIndex = 1; lastKnownFileType = text.xcconfig; name = "Pods-FIrebaseDemoV1.debug.xcconfig"; path = "Target Support Files/Pods-FIrebaseDemoV1/Pods-FIrebaseDemoV1.debug.xcconfig"; sourceTree = "<group>"; };
/* End PBXFileReference section */

/* Begin PBXFrameworksBuildPhase section */
		249A99302BB21E4D00535234 /* Frameworks */ = {
			isa = PBXFrameworksBuildPhase;
			buildActionMask = 2147483647;
			files = (
				31DAABDCDDDC24C4FC98F2DD /* Pods_FIrebaseDemoV1.framework in Frameworks */,
			);
			runOnlyForDeploymentPostprocessing = 0;
		};
/* End PBXFrameworksBuildPhase section */

/* Begin PBXGroup section */
		249A992A2BB21E4D00535234 = {
			isa = PBXGroup;
			children = (
				249A99352BB21E4D00535234 /* FIrebaseDemoV1 */,
				249A99342BB21E4D00535234 /* Products */,
				2BC951EA11A599488617793A /* Pods */,
				BB5473249DA4276602EC2D54 /* Frameworks */,
			);
			sourceTree = "<group>";
		};
		249A99342BB21E4D00535234 /* Products */ = {
			isa = PBXGroup;
			children = (
				249A99332BB21E4D00535234 /* FIrebaseDemoV1.app */,
			);
			name = Products;
			sourceTree = "<group>";
		};
		249A99352BB21E4D00535234 /* FIrebaseDemoV1 */ = {
			isa = PBXGroup;
			children = (
				249A99362BB21E4D00535234 /* FIrebaseDemoV1App.swift */,
				249A99382BB21E4D00535234 /* ContentView.swift */,
				249A993A2BB21E4E00535234 /* Assets.xcassets */,
				249A993C2BB21E4E00535234 /* Preview Content */,
			);
			path = FIrebaseDemoV1;
			sourceTree = "<group>";
		};
		249A993C2BB21E4E00535234 /* Preview Content */ = {
			isa = PBXGroup;
			children = (
				249A99442BB2209F00535234 /* GoogleService-Info.plist */,
				249A993D2BB21E4E00535234 /* Preview Assets.xcassets */,
			);
			path = "Preview Content";
			sourceTree = "<group>";
		};
		2BC951EA11A599488617793A /* Pods */ = {
			isa = PBXGroup;
			children = (
				CEFDD778791188A521E65A5D /* Pods-FIrebaseDemoV1.debug.xcconfig */,
				8C059C21EF6CD41AEC2C6DDC /* Pods-FIrebaseDemoV1.release.xcconfig */,
			);
			name = Pods;
			path = Pods;
			sourceTree = "<group>";
		};
		BB5473249DA4276602EC2D54 /* Frameworks */ = {
			isa = PBXGroup;
			children = (
				7AB7BEA5CD5989A76FDC3734 /* Pods_FIrebaseDemoV1.framework */,
			);
			name = Frameworks;
			sourceTree = "<group>";
		};
/* End PBXGroup section */

/* Begin PBXNativeTarget section */
		249A99322BB21E4D00535234 /* FIrebaseDemoV1 */ = {
			isa = PBXNativeTarget;
			buildConfigurationList = 249A99412BB21E4E00535234 /* Build configuration list for PBXNativeTarget "FIrebaseDemoV1" */;
			buildPhases = (
				5282EA765DFEBE5A8DE99982 /* [CP] Check Pods Manifest.lock */,
				249A992F2BB21E4D00535234 /* Sources */,
				249A99302BB21E4D00535234 /* Frameworks */,
				249A99312BB21E4D00535234 /* Resources */,
				CA271B340E037A0503F356B9 /* [CP] Embed Pods Frameworks */,
			);
			buildRules = (
			);
			dependencies = (
			);
			name = FIrebaseDemoV1;
			productName = FIrebaseDemoV1;
			productReference = 249A99332BB21E4D00535234 /* FIrebaseDemoV1.app */;
			productType = "com.apple.product-type.application";
		};
/* End PBXNativeTarget section */

/* Begin PBXProject section */
		249A992B2BB21E4D00535234 /* Project object */ = {
			isa = PBXProject;
			attributes = {
				BuildIndependentTargetsInParallel = 1;
				LastSwiftUpdateCheck = 1530;
				LastUpgradeCheck = 1530;
				TargetAttributes = {
					249A99322BB21E4D00535234 = {
						CreatedOnToolsVersion = 15.3;
					};
				};
			};
			buildConfigurationList = 249A992E2BB21E4D00535234 /* Build configuration list for PBXProject "FIrebaseDemoV1" */;
			compatibilityVersion = "Xcode 14.0";
			developmentRegion = en;
			hasScannedForEncodings = 0;
			knownRegions = (
				en,
				Base,
			);
			mainGroup = 249A992A2BB21E4D00535234;
			productRefGroup = 249A99342BB21E4D00535234 /* Products */;
			projectDirPath = "";
			projectRoot = "";
			targets = (
				249A99322BB21E4D00535234 /* FIrebaseDemoV1 */,
			);
		};
/* End PBXProject section */

/* Begin PBXResourcesBuildPhase section */
		249A99312BB21E4D00535234 /* Resources */ = {
			isa = PBXResourcesBuildPhase;
			buildActionMask = 2147483647;
			files = (
				249A993E2BB21E4E00535234 /* Preview Assets.xcassets in Resources */,
				249A993B2BB21E4E00535234 /* Assets.xcassets in Resources */,
				249A99452BB2209F00535234 /* GoogleService-Info.plist in Resources */,
			);
			runOnlyForDeploymentPostprocessing = 0;
		};
/* End PBXResourcesBuildPhase section */

/* Begin PBXShellScriptBuildPhase section */
		5282EA765DFEBE5A8DE99982 /* [CP] Check Pods Manifest.lock */ = {
			isa = PBXShellScriptBuildPhase;
			buildActionMask = 2147483647;
			files = (
			);
			inputFileListPaths = (
			);
			inputPaths = (
				"${PODS_PODFILE_DIR_PATH}/Podfile.lock",
				"${PODS_ROOT}/Manifest.lock",
			);
			name = "[CP] Check Pods Manifest.lock";
			outputFileListPaths = (
			);
			outputPaths = (
				"$(DERIVED_FILE_DIR)/Pods-FIrebaseDemoV1-checkManifestLockResult.txt",
			);
			runOnlyForDeploymentPostprocessing = 0;
			shellPath = /bin/sh;
			shellScript = "diff \"${PODS_PODFILE_DIR_PATH}/Podfile.lock\" \"${PODS_ROOT}/Manifest.lock\" > /dev/null\nif [ $? != 0 ] ; then\n    # print error to STDERR\n    echo \"error: The sandbox is not in sync with the Podfile.lock. Run 'pod install' or update your CocoaPods installation.\" >&2\n    exit 1\nfi\n# This output is used by Xcode 'outputs' to avoid re-running this script phase.\necho \"SUCCESS\" > \"${SCRIPT_OUTPUT_FILE_0}\"\n";
			showEnvVarsInLog = 0;
		};
		CA271B340E037A0503F356B9 /* [CP] Embed Pods Frameworks */ = {
			isa = PBXShellScriptBuildPhase;
			buildActionMask = 2147483647;
			files = (
			);
			inputFileListPaths = (
				"${PODS_ROOT}/Target Support Files/Pods-FIrebaseDemoV1/Pods-FIrebaseDemoV1-frameworks-${CONFIGURATION}-input-files.xcfilelist",
			);
			name = "[CP] Embed Pods Frameworks";
			outputFileListPaths = (
				"${PODS_ROOT}/Target Support Files/Pods-FIrebaseDemoV1/Pods-FIrebaseDemoV1-frameworks-${CONFIGURATION}-output-files.xcfilelist",
			);
			runOnlyForDeploymentPostprocessing = 0;
			shellPath = /bin/sh;
			shellScript = "\"${PODS_ROOT}/Target Support Files/Pods-FIrebaseDemoV1/Pods-FIrebaseDemoV1-frameworks.sh\"\n";
			showEnvVarsInLog = 0;
		};
/* End PBXShellScriptBuildPhase section */

/* Begin PBXSourcesBuildPhase section */
		249A992F2BB21E4D00535234 /* Sources */ = {
			isa = PBXSourcesBuildPhase;
			buildActionMask = 2147483647;
			files = (
				249A99392BB21E4D00535234 /* ContentView.swift in Sources */,
				249A99372BB21E4D00535234 /* FIrebaseDemoV1App.swift in Sources */,
			);
			runOnlyForDeploymentPostprocessing = 0;
		};
/* End PBXSourcesBuildPhase section */

/* Begin XCBuildConfiguration section */
		249A993F2BB21E4E00535234 /* Debug */ = {
			isa = XCBuildConfiguration;
			buildSettings = {
				ALWAYS_SEARCH_USER_PATHS = NO;
				ASSETCATALOG_COMPILER_GENERATE_SWIFT_ASSET_SYMBOL_EXTENSIONS = YES;
				CLANG_ANALYZER_NONNULL = YES;
				CLANG_ANALYZER_NUMBER_OBJECT_CONVERSION = YES_AGGRESSIVE;
				CLANG_CXX_LANGUAGE_STANDARD = "gnu++20";
				CLANG_ENABLE_MODULES = YES;
				CLANG_ENABLE_OBJC_ARC = YES;
				CLANG_ENABLE_OBJC_WEAK = YES;
				CLANG_WARN_BLOCK_CAPTURE_AUTORELEASING = YES;
				CLANG_WARN_BOOL_CONVERSION = YES;
				CLANG_WARN_COMMA = YES;
				CLANG_WARN_CONSTANT_CONVERSION = YES;
				CLANG_WARN_DEPRECATED_OBJC_IMPLEMENTATIONS = YES;
				CLANG_WARN_DIRECT_OBJC_ISA_USAGE = YES_ERROR;
				CLANG_WARN_DOCUMENTATION_COMMENTS = YES;
				CLANG_WARN_EMPTY_BODY = YES;
				CLANG_WARN_ENUM_CONVERSION = YES;
				CLANG_WARN_INFINITE_RECURSION = YES;
				CLANG_WARN_INT_CONVERSION = YES;
				CLANG_WARN_NON_LITERAL_NULL_CONVERSION = YES;
				CLANG_WARN_OBJC_IMPLICIT_RETAIN_SELF = YES;
				CLANG_WARN_OBJC_LITERAL_CONVERSION = YES;
				CLANG_WARN_OBJC_ROOT_CLASS = YES_ERROR;
				CLANG_WARN_QUOTED_INCLUDE_IN_FRAMEWORK_HEADER = YES;
				CLANG_WARN_RANGE_LOOP_ANALYSIS = YES;
				CLANG_WARN_STRICT_PROTOTYPES = YES;
				CLANG_WARN_SUSPICIOUS_MOVE = YES;
				CLANG_WARN_UNGUARDED_AVAILABILITY = YES_AGGRESSIVE;
				CLANG_WARN_UNREACHABLE_CODE = YES;
				CLANG_WARN__DUPLICATE_METHOD_MATCH = YES;
				COPY_PHASE_STRIP = NO;
				DEBUG_INFORMATION_FORMAT = dwarf;
				ENABLE_STRICT_OBJC_MSGSEND = YES;
				ENABLE_TESTABILITY = YES;
				ENABLE_USER_SCRIPT_SANDBOXING = YES;
				GCC_C_LANGUAGE_STANDARD = gnu17;
				GCC_DYNAMIC_NO_PIC = NO;
				GCC_NO_COMMON_BLOCKS = YES;
				GCC_OPTIMIZATION_LEVEL = 0;
				GCC_PREPROCESSOR_DEFINITIONS = (
					"DEBUG=1",
					"$(inherited)",
				);
				GCC_WARN_64_TO_32_BIT_CONVERSION = YES;
				GCC_WARN_ABOUT_RETURN_TYPE = YES_ERROR;
				GCC_WARN_UNDECLARED_SELECTOR = YES;
				GCC_WARN_UNINITIALIZED_AUTOS = YES_AGGRESSIVE;
				GCC_WARN_UNUSED_FUNCTION = YES;
				GCC_WARN_UNUSED_VARIABLE = YES;
				IPHONEOS_DEPLOYMENT_TARGET = 17.4;
				LOCALIZATION_PREFERS_STRING_CATALOGS = YES;
				MTL_ENABLE_DEBUG_INFO = INCLUDE_SOURCE;
				MTL_FAST_MATH = YES;
				ONLY_ACTIVE_ARCH = YES;
				SDKROOT = iphoneos;
				SWIFT_ACTIVE_COMPILATION_CONDITIONS = "DEBUG $(inherited)";
				SWIFT_OPTIMIZATION_LEVEL = "-Onone";
			};
			name = Debug;
		};
		249A99402BB21E4E00535234 /* Release */ = {
			isa = XCBuildConfiguration;
			buildSettings = {
				ALWAYS_SEARCH_USER_PATHS = NO;
				ASSETCATALOG_COMPILER_GENERATE_SWIFT_ASSET_SYMBOL_EXTENSIONS = YES;
				CLANG_ANALYZER_NONNULL = YES;
				CLANG_ANALYZER_NUMBER_OBJECT_CONVERSION = YES_AGGRESSIVE;
				CLANG_CXX_LANGUAGE_STANDARD = "gnu++20";
				CLANG_ENABLE_MODULES = YES;
				CLANG_ENABLE_OBJC_ARC = YES;
				CLANG_ENABLE_OBJC_WEAK = YES;
				CLANG_WARN_BLOCK_CAPTURE_AUTORELEASING = YES;
				CLANG_WARN_BOOL_CONVERSION = YES;
				CLANG_WARN_COMMA = YES;
				CLANG_WARN_CONSTANT_CONVERSION = YES;
				CLANG_WARN_DEPRECATED_OBJC_IMPLEMENTATIONS = YES;
				CLANG_WARN_DIRECT_OBJC_ISA_USAGE = YES_ERROR;
				CLANG_WARN_DOCUMENTATION_COMMENTS = YES;
				CLANG_WARN_EMPTY_BODY = YES;
				CLANG_WARN_ENUM_CONVERSION = YES;
				CLANG_WARN_INFINITE_RECURSION = YES;
				CLANG_WARN_INT_CONVERSION = YES;
				CLANG_WARN_NON_LITERAL_NULL_CONVERSION = YES;
				CLANG_WARN_OBJC_IMPLICIT_RETAIN_SELF = YES;
				CLANG_WARN_OBJC_LITERAL_CONVERSION = YES;
				CLANG_WARN_OBJC_ROOT_CLASS = YES_ERROR;
				CLANG_WARN_QUOTED_INCLUDE_IN_FRAMEWORK_HEADER = YES;
				CLANG_WARN_RANGE_LOOP_ANALYSIS = YES;
				CLANG_WARN_STRICT_PROTOTYPES = YES;
				CLANG_WARN_SUSPICIOUS_MOVE = YES;
				CLANG_WARN_UNGUARDED_AVAILABILITY = YES_AGGRESSIVE;
				CLANG_WARN_UNREACHABLE_CODE = YES;
				CLANG_WARN__DUPLICATE_METHOD_MATCH = YES;
				COPY_PHASE_STRIP = NO;
				DEBUG_INFORMATION_FORMAT = "dwarf-with-dsym";
				ENABLE_NS_ASSERTIONS = NO;
				ENABLE_STRICT_OBJC_MSGSEND = YES;
				ENABLE_USER_SCRIPT_SANDBOXING = YES;
				GCC_C_LANGUAGE_STANDARD = gnu17;
				GCC_NO_COMMON_BLOCKS = YES;
				GCC_WARN_64_TO_32_BIT_CONVERSION = YES;
				GCC_WARN_ABOUT_RETURN_TYPE = YES_ERROR;
				GCC_WARN_UNDECLARED_SELECTOR = YES;
				GCC_WARN_UNINITIALIZED_AUTOS = YES_AGGRESSIVE;
				GCC_WARN_UNUSED_FUNCTION = YES;
				GCC_WARN_UNUSED_VARIABLE = YES;
				IPHONEOS_DEPLOYMENT_TARGET = 17.4;
				LOCALIZATION_PREFERS_STRING_CATALOGS = YES;
				MTL_ENABLE_DEBUG_INFO = NO;
				MTL_FAST_MATH = YES;
				SDKROOT = iphoneos;
				SWIFT_COMPILATION_MODE = wholemodule;
				VALIDATE_PRODUCT = YES;
			};
			name = Release;
		};
		249A99422BB21E4E00535234 /* Debug */ = {
			isa = XCBuildConfiguration;
			baseConfigurationReference = CEFDD778791188A521E65A5D /* Pods-FIrebaseDemoV1.debug.xcconfig */;
			buildSettings = {
				ASSETCATALOG_COMPILER_APPICON_NAME = AppIcon;
				ASSETCATALOG_COMPILER_GLOBAL_ACCENT_COLOR_NAME = AccentColor;
				CODE_SIGN_STYLE = Automatic;
				CURRENT_PROJECT_VERSION = 1;
				DEVELOPMENT_ASSET_PATHS = "\"FIrebaseDemoV1/Preview Content\"";
				DEVELOPMENT_TEAM = BNV3DG8722;
				ENABLE_PREVIEWS = YES;
				GENERATE_INFOPLIST_FILE = YES;
				INFOPLIST_KEY_UIApplicationSceneManifest_Generation = YES;
				INFOPLIST_KEY_UIApplicationSupportsIndirectInputEvents = YES;
				INFOPLIST_KEY_UILaunchScreen_Generation = YES;
				INFOPLIST_KEY_UISupportedInterfaceOrientations_iPad = "UIInterfaceOrientationPortrait UIInterfaceOrientationPortraitUpsideDown UIInterfaceOrientationLandscapeLeft UIInterfaceOrientationLandscapeRight";
				INFOPLIST_KEY_UISupportedInterfaceOrientations_iPhone = "UIInterfaceOrientationPortrait UIInterfaceOrientationLandscapeLeft UIInterfaceOrientationLandscapeRight";
				LD_RUNPATH_SEARCH_PATHS = (
					"$(inherited)",
					"@executable_path/Frameworks",
				);
				MARKETING_VERSION = 1.0;
				PRODUCT_BUNDLE_IDENTIFIER = andrew.FIrebaseDemoV1;
				PRODUCT_NAME = "$(TARGET_NAME)";
				SWIFT_EMIT_LOC_STRINGS = YES;
				SWIFT_VERSION = 5.0;
				TARGETED_DEVICE_FAMILY = "1,2";
			};
			name = Debug;
		};
		249A99432BB21E4E00535234 /* Release */ = {
			isa = XCBuildConfiguration;
			baseConfigurationReference = 8C059C21EF6CD41AEC2C6DDC /* Pods-FIrebaseDemoV1.release.xcconfig */;
			buildSettings = {
				ASSETCATALOG_COMPILER_APPICON_NAME = AppIcon;
				ASSETCATALOG_COMPILER_GLOBAL_ACCENT_COLOR_NAME = AccentColor;
				CODE_SIGN_STYLE = Automatic;
				CURRENT_PROJECT_VERSION = 1;
				DEVELOPMENT_ASSET_PATHS = "\"FIrebaseDemoV1/Preview Content\"";
				DEVELOPMENT_TEAM = BNV3DG8722;
				ENABLE_PREVIEWS = YES;
				GENERATE_INFOPLIST_FILE = YES;
				INFOPLIST_KEY_UIApplicationSceneManifest_Generation = YES;
				INFOPLIST_KEY_UIApplicationSupportsIndirectInputEvents = YES;
				INFOPLIST_KEY_UILaunchScreen_Generation = YES;
				INFOPLIST_KEY_UISupportedInterfaceOrientations_iPad = "UIInterfaceOrientationPortrait UIInterfaceOrientationPortraitUpsideDown UIInterfaceOrientationLandscapeLeft UIInterfaceOrientationLandscapeRight";
				INFOPLIST_KEY_UISupportedInterfaceOrientations_iPhone = "UIInterfaceOrientationPortrait UIInterfaceOrientationLandscapeLeft UIInterfaceOrientationLandscapeRight";
				LD_RUNPATH_SEARCH_PATHS = (
					"$(inherited)",
					"@executable_path/Frameworks",
				);
				MARKETING_VERSION = 1.0;
				PRODUCT_BUNDLE_IDENTIFIER = andrew.FIrebaseDemoV1;
				PRODUCT_NAME = "$(TARGET_NAME)";
				SWIFT_EMIT_LOC_STRINGS = YES;
				SWIFT_VERSION = 5.0;
				TARGETED_DEVICE_FAMILY = "1,2";
			};
			name = Release;
		};
/* End XCBuildConfiguration section */

/* Begin XCConfigurationList section */
		249A992E2BB21E4D00535234 /* Build configuration list for PBXProject "FIrebaseDemoV1" */ = {
			isa = XCConfigurationList;
			buildConfigurations = (
				249A993F2BB21E4E00535234 /* Debug */,
				249A99402BB21E4E00535234 /* Release */,
			);
			defaultConfigurationIsVisible = 0;
			defaultConfigurationName = Release;
		};
		249A99412BB21E4E00535234 /* Build configuration list for PBXNativeTarget "FIrebaseDemoV1" */ = {
			isa = XCConfigurationList;
			buildConfigurations = (
				249A99422BB21E4E00535234 /* Debug */,
				249A99432BB21E4E00535234 /* Release */,
			);
			defaultConfigurationIsVisible = 0;
			defaultConfigurationName = Release;
		};
/* End XCConfigurationList section */
	};
	rootObject = 249A992B2BB21E4D00535234 /* Project object */;
}
